// !$*UTF8*$!
{
	archiveVersion = 1;
	classes = {
	};
	objectVersion = 50;
	objects = {

/* Begin PBXBuildFile section */
		2B2812952326CE5400B1FBD4 /* Button.swift in Sources */ = {isa = PBXBuildFile; fileRef = 2B2812942326CE5400B1FBD4 /* Button.swift */; };
		2B2812972326CE7C00B1FBD4 /* UIViewExt.swift in Sources */ = {isa = PBXBuildFile; fileRef = 2B2812962326CE7C00B1FBD4 /* UIViewExt.swift */; };
		2B28129B2326CED200B1FBD4 /* TextField.swift in Sources */ = {isa = PBXBuildFile; fileRef = 2B28129A2326CED200B1FBD4 /* TextField.swift */; };
		2B28129D2326CF3500B1FBD4 /* KeyBoardExt.swift in Sources */ = {isa = PBXBuildFile; fileRef = 2B28129C2326CF3500B1FBD4 /* KeyBoardExt.swift */; };
		2B2812A12326CFA700B1FBD4 /* Networking.swift in Sources */ = {isa = PBXBuildFile; fileRef = 2B2812A02326CFA700B1FBD4 /* Networking.swift */; };
		2B2812A32328333E00B1FBD4 /* ProfileViewController.swift in Sources */ = {isa = PBXBuildFile; fileRef = 2B2812A22328333E00B1FBD4 /* ProfileViewController.swift */; };
		2B2812A52328335900B1FBD4 /* SettingsViewController.swift in Sources */ = {isa = PBXBuildFile; fileRef = 2B2812A42328335900B1FBD4 /* SettingsViewController.swift */; };
		2B2812A72329B40900B1FBD4 /* TabBarController.swift in Sources */ = {isa = PBXBuildFile; fileRef = 2B2812A62329B40900B1FBD4 /* TabBarController.swift */; };
		2B2812A92329B6CF00B1FBD4 /* MiniPlayerView.swift in Sources */ = {isa = PBXBuildFile; fileRef = 2B2812A82329B6CF00B1FBD4 /* MiniPlayerView.swift */; };
		2B2812AB232BFDCD00B1FBD4 /* UIColorExt.swift in Sources */ = {isa = PBXBuildFile; fileRef = 2B2812AA232BFDCD00B1FBD4 /* UIColorExt.swift */; };
		2B2812AF2330350100B1FBD4 /* NewsCVCell.swift in Sources */ = {isa = PBXBuildFile; fileRef = 2B2812AE2330350100B1FBD4 /* NewsCVCell.swift */; };
		2B2812B1233453E000B1FBD4 /* TonikUItests.swift in Sources */ = {isa = PBXBuildFile; fileRef = 2B2812B0233453E000B1FBD4 /* TonikUItests.swift */; };
		2B2812B32335745900B1FBD4 /* FeaturedCVCell.swift in Sources */ = {isa = PBXBuildFile; fileRef = 2B2812B22335745900B1FBD4 /* FeaturedCVCell.swift */; };
		2B2812B52339582A00B1FBD4 /* ArtistCVCell.swift in Sources */ = {isa = PBXBuildFile; fileRef = 2B2812B42339582A00B1FBD4 /* ArtistCVCell.swift */; };
		2BE60B192318414600262EE1 /* AppDelegate.swift in Sources */ = {isa = PBXBuildFile; fileRef = 2BE60B182318414600262EE1 /* AppDelegate.swift */; };
		2BE60B1B2318414600262EE1 /* HomeViewController.swift in Sources */ = {isa = PBXBuildFile; fileRef = 2BE60B1A2318414600262EE1 /* HomeViewController.swift */; };
		2BE60B202318414800262EE1 /* Assets.xcassets in Resources */ = {isa = PBXBuildFile; fileRef = 2BE60B1F2318414800262EE1 /* Assets.xcassets */; };
		2BE60B232318414800262EE1 /* LaunchScreen.storyboard in Resources */ = {isa = PBXBuildFile; fileRef = 2BE60B212318414800262EE1 /* LaunchScreen.storyboard */; };
		2BE60B2E2318414800262EE1 /* TonikTests.swift in Sources */ = {isa = PBXBuildFile; fileRef = 2BE60B2D2318414800262EE1 /* TonikTests.swift */; };
		2BF72B7A233BFCBA00E46A75 /* NewsCardCVCell.swift in Sources */ = {isa = PBXBuildFile; fileRef = 2BF72B79233BFCBA00E46A75 /* NewsCardCVCell.swift */; };
		7404E451233DED2400BD3157 /* OnBoardingViewController.swift in Sources */ = {isa = PBXBuildFile; fileRef = 7404E450233DED2400BD3157 /* OnBoardingViewController.swift */; };
		743A3980233BFF4C00DA22BC /* Stack.swift in Sources */ = {isa = PBXBuildFile; fileRef = 743A397F233BFF4C00DA22BC /* Stack.swift */; };
		74CB1B6C233C1566001C5D30 /* LoginSignUpView.swift in Sources */ = {isa = PBXBuildFile; fileRef = 2B28129E2326CF9A00B1FBD4 /* LoginSignUpView.swift */; };
		74CBFD88232DB853006C7FCD /* LogoView.swift in Sources */ = {isa = PBXBuildFile; fileRef = 74CBFD87232DB853006C7FCD /* LogoView.swift */; };
		74CBFD8A232EAB52006C7FCD /* Utilities.swift in Sources */ = {isa = PBXBuildFile; fileRef = 74CBFD89232EAB52006C7FCD /* Utilities.swift */; };
		74D0658F2328F085006AA127 /* Label.swift in Sources */ = {isa = PBXBuildFile; fileRef = 74D0658E2328F085006AA127 /* Label.swift */; };
		74F0C485232C3DD600209B29 /* Image.swift in Sources */ = {isa = PBXBuildFile; fileRef = 74F0C484232C3DD600209B29 /* Image.swift */; };
		74F0C487232C43F200209B29 /* LoginSignupViewController.swift in Sources */ = {isa = PBXBuildFile; fileRef = 74F0C486232C43F200209B29 /* LoginSignupViewController.swift */; };
		74F0C489232C465800209B29 /* UIImageExt.swift in Sources */ = {isa = PBXBuildFile; fileRef = 74F0C488232C465800209B29 /* UIImageExt.swift */; };
		74F0C48B232C502D00209B29 /* View.swift in Sources */ = {isa = PBXBuildFile; fileRef = 74F0C48A232C502D00209B29 /* View.swift */; };
/* End PBXBuildFile section */

/* Begin PBXContainerItemProxy section */
		2BE60B2A2318414800262EE1 /* PBXContainerItemProxy */ = {
			isa = PBXContainerItemProxy;
			containerPortal = 2BE60B0D2318414600262EE1 /* Project object */;
			proxyType = 1;
			remoteGlobalIDString = 2BE60B142318414600262EE1;
			remoteInfo = Tonik;
		};
/* End PBXContainerItemProxy section */

/* Begin PBXFileReference section */
		2B2812942326CE5400B1FBD4 /* Button.swift */ = {isa = PBXFileReference; lastKnownFileType = sourcecode.swift; path = Button.swift; sourceTree = "<group>"; };
		2B2812962326CE7C00B1FBD4 /* UIViewExt.swift */ = {isa = PBXFileReference; lastKnownFileType = sourcecode.swift; path = UIViewExt.swift; sourceTree = "<group>"; };
		2B28129A2326CED200B1FBD4 /* TextField.swift */ = {isa = PBXFileReference; lastKnownFileType = sourcecode.swift; path = TextField.swift; sourceTree = "<group>"; };
		2B28129C2326CF3500B1FBD4 /* KeyBoardExt.swift */ = {isa = PBXFileReference; lastKnownFileType = sourcecode.swift; path = KeyBoardExt.swift; sourceTree = "<group>"; };
		2B28129E2326CF9A00B1FBD4 /* LoginSignUpView.swift */ = {isa = PBXFileReference; lastKnownFileType = sourcecode.swift; path = LoginSignUpView.swift; sourceTree = "<group>"; };
		2B2812A02326CFA700B1FBD4 /* Networking.swift */ = {isa = PBXFileReference; lastKnownFileType = sourcecode.swift; path = Networking.swift; sourceTree = "<group>"; };
		2B2812A22328333E00B1FBD4 /* ProfileViewController.swift */ = {isa = PBXFileReference; lastKnownFileType = sourcecode.swift; path = ProfileViewController.swift; sourceTree = "<group>"; };
		2B2812A42328335900B1FBD4 /* SettingsViewController.swift */ = {isa = PBXFileReference; lastKnownFileType = sourcecode.swift; path = SettingsViewController.swift; sourceTree = "<group>"; };
		2B2812A62329B40900B1FBD4 /* TabBarController.swift */ = {isa = PBXFileReference; lastKnownFileType = sourcecode.swift; path = TabBarController.swift; sourceTree = "<group>"; };
		2B2812A82329B6CF00B1FBD4 /* MiniPlayerView.swift */ = {isa = PBXFileReference; lastKnownFileType = sourcecode.swift; path = MiniPlayerView.swift; sourceTree = "<group>"; };
		2B2812AA232BFDCD00B1FBD4 /* UIColorExt.swift */ = {isa = PBXFileReference; lastKnownFileType = sourcecode.swift; path = UIColorExt.swift; sourceTree = "<group>"; };
		2B2812AE2330350100B1FBD4 /* NewsCVCell.swift */ = {isa = PBXFileReference; lastKnownFileType = sourcecode.swift; path = NewsCVCell.swift; sourceTree = "<group>"; };
		2B2812B0233453E000B1FBD4 /* TonikUItests.swift */ = {isa = PBXFileReference; lastKnownFileType = sourcecode.swift; path = TonikUItests.swift; sourceTree = "<group>"; };
		2B2812B22335745900B1FBD4 /* FeaturedCVCell.swift */ = {isa = PBXFileReference; lastKnownFileType = sourcecode.swift; path = FeaturedCVCell.swift; sourceTree = "<group>"; };
		2B2812B42339582A00B1FBD4 /* ArtistCVCell.swift */ = {isa = PBXFileReference; lastKnownFileType = sourcecode.swift; path = ArtistCVCell.swift; sourceTree = "<group>"; };
		2BE60B152318414600262EE1 /* Tonik.app */ = {isa = PBXFileReference; explicitFileType = wrapper.application; includeInIndex = 0; path = Tonik.app; sourceTree = BUILT_PRODUCTS_DIR; };
		2BE60B182318414600262EE1 /* AppDelegate.swift */ = {isa = PBXFileReference; lastKnownFileType = sourcecode.swift; path = AppDelegate.swift; sourceTree = "<group>"; };
		2BE60B1A2318414600262EE1 /* HomeViewController.swift */ = {isa = PBXFileReference; lastKnownFileType = sourcecode.swift; path = HomeViewController.swift; sourceTree = "<group>"; xcLanguageSpecificationIdentifier = xcode.lang.swift; };
		2BE60B1F2318414800262EE1 /* Assets.xcassets */ = {isa = PBXFileReference; lastKnownFileType = folder.assetcatalog; path = Assets.xcassets; sourceTree = "<group>"; };
		2BE60B222318414800262EE1 /* Base */ = {isa = PBXFileReference; lastKnownFileType = file.storyboard; name = Base; path = Base.lproj/LaunchScreen.storyboard; sourceTree = "<group>"; };
		2BE60B242318414800262EE1 /* Info.plist */ = {isa = PBXFileReference; lastKnownFileType = text.plist.xml; path = Info.plist; sourceTree = "<group>"; };
		2BE60B292318414800262EE1 /* TonikTests.xctest */ = {isa = PBXFileReference; explicitFileType = wrapper.cfbundle; includeInIndex = 0; path = TonikTests.xctest; sourceTree = BUILT_PRODUCTS_DIR; };
		2BE60B2D2318414800262EE1 /* TonikTests.swift */ = {isa = PBXFileReference; lastKnownFileType = sourcecode.swift; path = TonikTests.swift; sourceTree = "<group>"; };
		2BE60B2F2318414800262EE1 /* Info.plist */ = {isa = PBXFileReference; lastKnownFileType = text.plist.xml; path = Info.plist; sourceTree = "<group>"; };
		2BF72B79233BFCBA00E46A75 /* NewsCardCVCell.swift */ = {isa = PBXFileReference; lastKnownFileType = sourcecode.swift; path = NewsCardCVCell.swift; sourceTree = "<group>"; };
		7404E450233DED2400BD3157 /* OnBoardingViewController.swift */ = {isa = PBXFileReference; lastKnownFileType = sourcecode.swift; path = OnBoardingViewController.swift; sourceTree = "<group>"; };
		743A397F233BFF4C00DA22BC /* Stack.swift */ = {isa = PBXFileReference; lastKnownFileType = sourcecode.swift; name = Stack.swift; path = Tonik/Extension/Stack.swift; sourceTree = SOURCE_ROOT; };
		74CBFD87232DB853006C7FCD /* LogoView.swift */ = {isa = PBXFileReference; lastKnownFileType = sourcecode.swift; path = LogoView.swift; sourceTree = "<group>"; };
		74CBFD89232EAB52006C7FCD /* Utilities.swift */ = {isa = PBXFileReference; lastKnownFileType = sourcecode.swift; path = Utilities.swift; sourceTree = "<group>"; };
		74D0658E2328F085006AA127 /* Label.swift */ = {isa = PBXFileReference; lastKnownFileType = sourcecode.swift; path = Label.swift; sourceTree = "<group>"; };
		74F0C484232C3DD600209B29 /* Image.swift */ = {isa = PBXFileReference; fileEncoding = 4; lastKnownFileType = sourcecode.swift; path = Image.swift; sourceTree = "<group>"; };
		74F0C486232C43F200209B29 /* LoginSignupViewController.swift */ = {isa = PBXFileReference; lastKnownFileType = sourcecode.swift; path = LoginSignupViewController.swift; sourceTree = "<group>"; };
		74F0C488232C465800209B29 /* UIImageExt.swift */ = {isa = PBXFileReference; lastKnownFileType = sourcecode.swift; path = UIImageExt.swift; sourceTree = "<group>"; };
		74F0C48A232C502D00209B29 /* View.swift */ = {isa = PBXFileReference; lastKnownFileType = sourcecode.swift; path = View.swift; sourceTree = "<group>"; };
/* End PBXFileReference section */

/* Begin PBXFrameworksBuildPhase section */
		2BE60B122318414600262EE1 /* Frameworks */ = {
			isa = PBXFrameworksBuildPhase;
			buildActionMask = 2147483647;
			files = (
			);
			runOnlyForDeploymentPostprocessing = 0;
		};
		2BE60B262318414800262EE1 /* Frameworks */ = {
			isa = PBXFrameworksBuildPhase;
			buildActionMask = 2147483647;
			files = (
			);
			runOnlyForDeploymentPostprocessing = 0;
		};
/* End PBXFrameworksBuildPhase section */

/* Begin PBXGroup section */
		2B2812902326CC7A00B1FBD4 /* ViewControllers */ = {
			isa = PBXGroup;
			children = (
				2BE60B1A2318414600262EE1 /* HomeViewController.swift */,
				2B2812A22328333E00B1FBD4 /* ProfileViewController.swift */,
				2B2812A42328335900B1FBD4 /* SettingsViewController.swift */,
				2B2812A62329B40900B1FBD4 /* TabBarController.swift */,
				74F0C486232C43F200209B29 /* LoginSignupViewController.swift */,
				7404E450233DED2400BD3157 /* OnBoardingViewController.swift */,
			);
			path = ViewControllers;
			sourceTree = "<group>";
		};
		2B2812912326CCB500B1FBD4 /* Extension */ = {
			isa = PBXGroup;
			children = (
				743A397F233BFF4C00DA22BC /* Stack.swift */,
				2B2812942326CE5400B1FBD4 /* Button.swift */,
				74F0C484232C3DD600209B29 /* Image.swift */,
				74D0658E2328F085006AA127 /* Label.swift */,
				2B2812962326CE7C00B1FBD4 /* UIViewExt.swift */,
				2B28129A2326CED200B1FBD4 /* TextField.swift */,
				2B28129C2326CF3500B1FBD4 /* KeyBoardExt.swift */,
				2B2812AA232BFDCD00B1FBD4 /* UIColorExt.swift */,
				74F0C488232C465800209B29 /* UIImageExt.swift */,
				74F0C48A232C502D00209B29 /* View.swift */,
				74CBFD89232EAB52006C7FCD /* Utilities.swift */,
			);
			path = Extension;
			sourceTree = "<group>";
		};
		2B2812922326CD5100B1FBD4 /* Views */ = {
			isa = PBXGroup;
			children = (
				74CBFD87232DB853006C7FCD /* LogoView.swift */,
				2B28129E2326CF9A00B1FBD4 /* LoginSignUpView.swift */,
				2B2812A82329B6CF00B1FBD4 /* MiniPlayerView.swift */,
				2B2812AE2330350100B1FBD4 /* NewsCVCell.swift */,
				2BF72B79233BFCBA00E46A75 /* NewsCardCVCell.swift */,
				2B2812B22335745900B1FBD4 /* FeaturedCVCell.swift */,
				2B2812B42339582A00B1FBD4 /* ArtistCVCell.swift */,
			);
			path = Views;
			sourceTree = "<group>";
		};
		2B2812932326CD5E00B1FBD4 /* Networking */ = {
			isa = PBXGroup;
			children = (
				2B2812A02326CFA700B1FBD4 /* Networking.swift */,
			);
			path = Networking;
			sourceTree = "<group>";
		};
		2BE60B0C2318414600262EE1 = {
			isa = PBXGroup;
			children = (
				2BE60B172318414600262EE1 /* Tonik */,
				2BE60B2C2318414800262EE1 /* TonikTests */,
				2BE60B162318414600262EE1 /* Products */,
			);
			sourceTree = "<group>";
		};
		2BE60B162318414600262EE1 /* Products */ = {
			isa = PBXGroup;
			children = (
				2BE60B152318414600262EE1 /* Tonik.app */,
				2BE60B292318414800262EE1 /* TonikTests.xctest */,
			);
			name = Products;
			sourceTree = "<group>";
		};
		2BE60B172318414600262EE1 /* Tonik */ = {
			isa = PBXGroup;
			children = (
				2BE60B182318414600262EE1 /* AppDelegate.swift */,
				2B2812932326CD5E00B1FBD4 /* Networking */,
				2B2812922326CD5100B1FBD4 /* Views */,
				2B2812902326CC7A00B1FBD4 /* ViewControllers */,
				2B2812912326CCB500B1FBD4 /* Extension */,
				2BE60B1F2318414800262EE1 /* Assets.xcassets */,
				2BE60B212318414800262EE1 /* LaunchScreen.storyboard */,
				2BE60B242318414800262EE1 /* Info.plist */,
			);
			path = Tonik;
			sourceTree = "<group>";
		};
		2BE60B2C2318414800262EE1 /* TonikTests */ = {
			isa = PBXGroup;
			children = (
				2BE60B2D2318414800262EE1 /* TonikTests.swift */,
				2BE60B2F2318414800262EE1 /* Info.plist */,
				2B2812B0233453E000B1FBD4 /* TonikUItests.swift */,
			);
			path = TonikTests;
			sourceTree = "<group>";
		};
/* End PBXGroup section */

/* Begin PBXNativeTarget section */
		2BE60B142318414600262EE1 /* Tonik */ = {
			isa = PBXNativeTarget;
			buildConfigurationList = 2BE60B322318414800262EE1 /* Build configuration list for PBXNativeTarget "Tonik" */;
			buildPhases = (
				2BE60B112318414600262EE1 /* Sources */,
				2BE60B122318414600262EE1 /* Frameworks */,
				2BE60B132318414600262EE1 /* Resources */,
			);
			buildRules = (
			);
			dependencies = (
			);
			name = Tonik;
			productName = Tonik;
			productReference = 2BE60B152318414600262EE1 /* Tonik.app */;
			productType = "com.apple.product-type.application";
		};
		2BE60B282318414800262EE1 /* TonikTests */ = {
			isa = PBXNativeTarget;
			buildConfigurationList = 2BE60B352318414800262EE1 /* Build configuration list for PBXNativeTarget "TonikTests" */;
			buildPhases = (
				2BE60B252318414800262EE1 /* Sources */,
				2BE60B262318414800262EE1 /* Frameworks */,
				2BE60B272318414800262EE1 /* Resources */,
			);
			buildRules = (
			);
			dependencies = (
				2BE60B2B2318414800262EE1 /* PBXTargetDependency */,
			);
			name = TonikTests;
			productName = TonikTests;
			productReference = 2BE60B292318414800262EE1 /* TonikTests.xctest */;
			productType = "com.apple.product-type.bundle.unit-test";
		};
/* End PBXNativeTarget section */

/* Begin PBXProject section */
		2BE60B0D2318414600262EE1 /* Project object */ = {
			isa = PBXProject;
			attributes = {
				LastSwiftUpdateCheck = 1030;
				LastUpgradeCheck = 1030;
				ORGANIZATIONNAME = HazeWritesCode;
				TargetAttributes = {
					2BE60B142318414600262EE1 = {
						CreatedOnToolsVersion = 10.3;
					};
					2BE60B282318414800262EE1 = {
						CreatedOnToolsVersion = 10.3;
						TestTargetID = 2BE60B142318414600262EE1;
					};
				};
			};
			buildConfigurationList = 2BE60B102318414600262EE1 /* Build configuration list for PBXProject "Tonik" */;
			compatibilityVersion = "Xcode 9.3";
			developmentRegion = en;
			hasScannedForEncodings = 0;
			knownRegions = (
				en,
				Base,
			);
			mainGroup = 2BE60B0C2318414600262EE1;
			productRefGroup = 2BE60B162318414600262EE1 /* Products */;
			projectDirPath = "";
			projectRoot = "";
			targets = (
				2BE60B142318414600262EE1 /* Tonik */,
				2BE60B282318414800262EE1 /* TonikTests */,
			);
		};
/* End PBXProject section */

/* Begin PBXResourcesBuildPhase section */
		2BE60B132318414600262EE1 /* Resources */ = {
			isa = PBXResourcesBuildPhase;
			buildActionMask = 2147483647;
			files = (
				2BE60B232318414800262EE1 /* LaunchScreen.storyboard in Resources */,
				2BE60B202318414800262EE1 /* Assets.xcassets in Resources */,
			);
			runOnlyForDeploymentPostprocessing = 0;
		};
		2BE60B272318414800262EE1 /* Resources */ = {
			isa = PBXResourcesBuildPhase;
			buildActionMask = 2147483647;
			files = (
			);
			runOnlyForDeploymentPostprocessing = 0;
		};
/* End PBXResourcesBuildPhase section */

/* Begin PBXSourcesBuildPhase section */
		2BE60B112318414600262EE1 /* Sources */ = {
			isa = PBXSourcesBuildPhase;
			buildActionMask = 2147483647;
			files = (
				74CB1B6C233C1566001C5D30 /* LoginSignUpView.swift in Sources */,
				2B2812A72329B40900B1FBD4 /* TabBarController.swift in Sources */,
				743A3980233BFF4C00DA22BC /* Stack.swift in Sources */,
				2BE60B1B2318414600262EE1 /* HomeViewController.swift in Sources */,
				2B2812B52339582A00B1FBD4 /* ArtistCVCell.swift in Sources */,
				2BF72B7A233BFCBA00E46A75 /* NewsCardCVCell.swift in Sources */,
				74CBFD8A232EAB52006C7FCD /* Utilities.swift in Sources */,
				74CBFD88232DB853006C7FCD /* LogoView.swift in Sources */,
				74F0C487232C43F200209B29 /* LoginSignupViewController.swift in Sources */,
				2B2812A52328335900B1FBD4 /* SettingsViewController.swift in Sources */,
				2B2812A92329B6CF00B1FBD4 /* MiniPlayerView.swift in Sources */,
				2B2812A32328333E00B1FBD4 /* ProfileViewController.swift in Sources */,
				2BE60B192318414600262EE1 /* AppDelegate.swift in Sources */,
				2B2812A12326CFA700B1FBD4 /* Networking.swift in Sources */,
				2B28129D2326CF3500B1FBD4 /* KeyBoardExt.swift in Sources */,
				2B28129B2326CED200B1FBD4 /* TextField.swift in Sources */,
				74F0C48B232C502D00209B29 /* View.swift in Sources */,
				74F0C485232C3DD600209B29 /* Image.swift in Sources */,
				2B2812972326CE7C00B1FBD4 /* UIViewExt.swift in Sources */,
				7404E451233DED2400BD3157 /* OnBoardingViewController.swift in Sources */,
				2B2812952326CE5400B1FBD4 /* Button.swift in Sources */,
				74D0658F2328F085006AA127 /* Label.swift in Sources */,
				2B2812B32335745900B1FBD4 /* FeaturedCVCell.swift in Sources */,
				2B2812AB232BFDCD00B1FBD4 /* UIColorExt.swift in Sources */,
				2B2812AF2330350100B1FBD4 /* NewsCVCell.swift in Sources */,
				74F0C489232C465800209B29 /* UIImageExt.swift in Sources */,
			);
			runOnlyForDeploymentPostprocessing = 0;
		};
		2BE60B252318414800262EE1 /* Sources */ = {
			isa = PBXSourcesBuildPhase;
			buildActionMask = 2147483647;
			files = (
				2BE60B2E2318414800262EE1 /* TonikTests.swift in Sources */,
				2B2812B1233453E000B1FBD4 /* TonikUItests.swift in Sources */,
			);
			runOnlyForDeploymentPostprocessing = 0;
		};
/* End PBXSourcesBuildPhase section */

/* Begin PBXTargetDependency section */
		2BE60B2B2318414800262EE1 /* PBXTargetDependency */ = {
			isa = PBXTargetDependency;
			target = 2BE60B142318414600262EE1 /* Tonik */;
			targetProxy = 2BE60B2A2318414800262EE1 /* PBXContainerItemProxy */;
		};
/* End PBXTargetDependency section */

/* Begin PBXVariantGroup section */
		2BE60B212318414800262EE1 /* LaunchScreen.storyboard */ = {
			isa = PBXVariantGroup;
			children = (
				2BE60B222318414800262EE1 /* Base */,
			);
			name = LaunchScreen.storyboard;
			sourceTree = "<group>";
		};
/* End PBXVariantGroup section */

/* Begin XCBuildConfiguration section */
		2BE60B302318414800262EE1 /* Debug */ = {
			isa = XCBuildConfiguration;
			buildSettings = {
				ALWAYS_SEARCH_USER_PATHS = NO;
				CLANG_ANALYZER_NONNULL = YES;
				CLANG_ANALYZER_NUMBER_OBJECT_CONVERSION = YES_AGGRESSIVE;
				CLANG_CXX_LANGUAGE_STANDARD = "gnu++14";
				CLANG_CXX_LIBRARY = "libc++";
				CLANG_ENABLE_MODULES = YES;
				CLANG_ENABLE_OBJC_ARC = YES;
				CLANG_ENABLE_OBJC_WEAK = YES;
				CLANG_WARN_BLOCK_CAPTURE_AUTORELEASING = YES;
				CLANG_WARN_BOOL_CONVERSION = YES;
				CLANG_WARN_COMMA = YES;
				CLANG_WARN_CONSTANT_CONVERSION = YES;
				CLANG_WARN_DEPRECATED_OBJC_IMPLEMENTATIONS = YES;
				CLANG_WARN_DIRECT_OBJC_ISA_USAGE = YES_ERROR;
				CLANG_WARN_DOCUMENTATION_COMMENTS = YES;
				CLANG_WARN_EMPTY_BODY = YES;
				CLANG_WARN_ENUM_CONVERSION = YES;
				CLANG_WARN_INFINITE_RECURSION = YES;
				CLANG_WARN_INT_CONVERSION = YES;
				CLANG_WARN_NON_LITERAL_NULL_CONVERSION = YES;
				CLANG_WARN_OBJC_IMPLICIT_RETAIN_SELF = YES;
				CLANG_WARN_OBJC_LITERAL_CONVERSION = YES;
				CLANG_WARN_OBJC_ROOT_CLASS = YES_ERROR;
				CLANG_WARN_RANGE_LOOP_ANALYSIS = YES;
				CLANG_WARN_STRICT_PROTOTYPES = YES;
				CLANG_WARN_SUSPICIOUS_MOVE = YES;
				CLANG_WARN_UNGUARDED_AVAILABILITY = YES_AGGRESSIVE;
				CLANG_WARN_UNREACHABLE_CODE = YES;
				CLANG_WARN__DUPLICATE_METHOD_MATCH = YES;
				CODE_SIGN_IDENTITY = "iPhone Developer";
				COPY_PHASE_STRIP = NO;
				DEBUG_INFORMATION_FORMAT = dwarf;
				ENABLE_STRICT_OBJC_MSGSEND = YES;
				ENABLE_TESTABILITY = YES;
				GCC_C_LANGUAGE_STANDARD = gnu11;
				GCC_DYNAMIC_NO_PIC = NO;
				GCC_NO_COMMON_BLOCKS = YES;
				GCC_OPTIMIZATION_LEVEL = 0;
				GCC_PREPROCESSOR_DEFINITIONS = (
					"DEBUG=1",
					"$(inherited)",
				);
				GCC_WARN_64_TO_32_BIT_CONVERSION = YES;
				GCC_WARN_ABOUT_RETURN_TYPE = YES_ERROR;
				GCC_WARN_UNDECLARED_SELECTOR = YES;
				GCC_WARN_UNINITIALIZED_AUTOS = YES_AGGRESSIVE;
				GCC_WARN_UNUSED_FUNCTION = YES;
				GCC_WARN_UNUSED_VARIABLE = YES;
				IPHONEOS_DEPLOYMENT_TARGET = 12.4;
				MTL_ENABLE_DEBUG_INFO = INCLUDE_SOURCE;
				MTL_FAST_MATH = YES;
				ONLY_ACTIVE_ARCH = YES;
				SDKROOT = iphoneos;
				SWIFT_ACTIVE_COMPILATION_CONDITIONS = DEBUG;
				SWIFT_OPTIMIZATION_LEVEL = "-Onone";
			};
			name = Debug;
		};
		2BE60B312318414800262EE1 /* Release */ = {
			isa = XCBuildConfiguration;
			buildSettings = {
				ALWAYS_SEARCH_USER_PATHS = NO;
				CLANG_ANALYZER_NONNULL = YES;
				CLANG_ANALYZER_NUMBER_OBJECT_CONVERSION = YES_AGGRESSIVE;
				CLANG_CXX_LANGUAGE_STANDARD = "gnu++14";
				CLANG_CXX_LIBRARY = "libc++";
				CLANG_ENABLE_MODULES = YES;
				CLANG_ENABLE_OBJC_ARC = YES;
				CLANG_ENABLE_OBJC_WEAK = YES;
				CLANG_WARN_BLOCK_CAPTURE_AUTORELEASING = YES;
				CLANG_WARN_BOOL_CONVERSION = YES;
				CLANG_WARN_COMMA = YES;
				CLANG_WARN_CONSTANT_CONVERSION = YES;
				CLANG_WARN_DEPRECATED_OBJC_IMPLEMENTATIONS = YES;
				CLANG_WARN_DIRECT_OBJC_ISA_USAGE = YES_ERROR;
				CLANG_WARN_DOCUMENTATION_COMMENTS = YES;
				CLANG_WARN_EMPTY_BODY = YES;
				CLANG_WARN_ENUM_CONVERSION = YES;
				CLANG_WARN_INFINITE_RECURSION = YES;
				CLANG_WARN_INT_CONVERSION = YES;
				CLANG_WARN_NON_LITERAL_NULL_CONVERSION = YES;
				CLANG_WARN_OBJC_IMPLICIT_RETAIN_SELF = YES;
				CLANG_WARN_OBJC_LITERAL_CONVERSION = YES;
				CLANG_WARN_OBJC_ROOT_CLASS = YES_ERROR;
				CLANG_WARN_RANGE_LOOP_ANALYSIS = YES;
				CLANG_WARN_STRICT_PROTOTYPES = YES;
				CLANG_WARN_SUSPICIOUS_MOVE = YES;
				CLANG_WARN_UNGUARDED_AVAILABILITY = YES_AGGRESSIVE;
				CLANG_WARN_UNREACHABLE_CODE = YES;
				CLANG_WARN__DUPLICATE_METHOD_MATCH = YES;
				CODE_SIGN_IDENTITY = "iPhone Developer";
				COPY_PHASE_STRIP = NO;
				DEBUG_INFORMATION_FORMAT = "dwarf-with-dsym";
				ENABLE_NS_ASSERTIONS = NO;
				ENABLE_STRICT_OBJC_MSGSEND = YES;
				GCC_C_LANGUAGE_STANDARD = gnu11;
				GCC_NO_COMMON_BLOCKS = YES;
				GCC_WARN_64_TO_32_BIT_CONVERSION = YES;
				GCC_WARN_ABOUT_RETURN_TYPE = YES_ERROR;
				GCC_WARN_UNDECLARED_SELECTOR = YES;
				GCC_WARN_UNINITIALIZED_AUTOS = YES_AGGRESSIVE;
				GCC_WARN_UNUSED_FUNCTION = YES;
				GCC_WARN_UNUSED_VARIABLE = YES;
				IPHONEOS_DEPLOYMENT_TARGET = 12.4;
				MTL_ENABLE_DEBUG_INFO = NO;
				MTL_FAST_MATH = YES;
				SDKROOT = iphoneos;
				SWIFT_COMPILATION_MODE = wholemodule;
				SWIFT_OPTIMIZATION_LEVEL = "-O";
				VALIDATE_PRODUCT = YES;
			};
			name = Release;
		};
		2BE60B332318414800262EE1 /* Debug */ = {
			isa = XCBuildConfiguration;
			buildSettings = {
				ASSETCATALOG_COMPILER_APPICON_NAME = AppIcon;
				CODE_SIGN_STYLE = Automatic;
				DEVELOPMENT_TEAM = 2D25YZNJAC;
				INFOPLIST_FILE = Tonik/Info.plist;
				IPHONEOS_DEPLOYMENT_TARGET = 12.2;
				LD_RUNPATH_SEARCH_PATHS = (
					"$(inherited)",
					"@executable_path/Frameworks",
				);
				PRODUCT_BUNDLE_IDENTIFIER = HazeWritesCode.Project.Tonik;
				PRODUCT_NAME = "$(TARGET_NAME)";
				SWIFT_VERSION = 5.0;
				TARGETED_DEVICE_FAMILY = "1,2";
			};
			name = Debug;
		};
		2BE60B342318414800262EE1 /* Release */ = {
			isa = XCBuildConfiguration;
			buildSettings = {
				ASSETCATALOG_COMPILER_APPICON_NAME = AppIcon;
				CODE_SIGN_STYLE = Automatic;
				DEVELOPMENT_TEAM = 2D25YZNJAC;
				INFOPLIST_FILE = Tonik/Info.plist;
				IPHONEOS_DEPLOYMENT_TARGET = 12.2;
				LD_RUNPATH_SEARCH_PATHS = (
					"$(inherited)",
					"@executable_path/Frameworks",
				);
				PRODUCT_BUNDLE_IDENTIFIER = HazeWritesCode.Project.Tonik;
				PRODUCT_NAME = "$(TARGET_NAME)";
				SWIFT_VERSION = 5.0;
				TARGETED_DEVICE_FAMILY = "1,2";
			};
			name = Release;
		};
		2BE60B362318414800262EE1 /* Debug */ = {
			isa = XCBuildConfiguration;
			buildSettings = {
				ALWAYS_EMBED_SWIFT_STANDARD_LIBRARIES = YES;
				BUNDLE_LOADER = "$(TEST_HOST)";
				CODE_SIGN_STYLE = Automatic;
				DEVELOPMENT_TEAM = 4E3GPM4HDT;
				INFOPLIST_FILE = TonikTests/Info.plist;
				IPHONEOS_DEPLOYMENT_TARGET = 13.0;
				LD_RUNPATH_SEARCH_PATHS = (
					"$(inherited)",
					"@executable_path/Frameworks",
					"@loader_path/Frameworks",
				);
				PRODUCT_BUNDLE_IDENTIFIER = HazeWritesCode.Project.TonikTests;
				PRODUCT_NAME = "$(TARGET_NAME)";
				SWIFT_VERSION = 5.0;
				TARGETED_DEVICE_FAMILY = "1,2";
				TEST_HOST = "$(BUILT_PRODUCTS_DIR)/Tonik.app/Tonik";
			};
			name = Debug;
		};
		2BE60B372318414800262EE1 /* Release */ = {
			isa = XCBuildConfiguration;
			buildSettings = {
				ALWAYS_EMBED_SWIFT_STANDARD_LIBRARIES = YES;
				BUNDLE_LOADER = "$(TEST_HOST)";
				CODE_SIGN_STYLE = Automatic;
				DEVELOPMENT_TEAM = 4E3GPM4HDT;
				INFOPLIST_FILE = TonikTests/Info.plist;
				IPHONEOS_DEPLOYMENT_TARGET = 13.0;
				LD_RUNPATH_SEARCH_PATHS = (
					"$(inherited)",
					"@executable_path/Frameworks",
					"@loader_path/Frameworks",
				);
				PRODUCT_BUNDLE_IDENTIFIER = HazeWritesCode.Project.TonikTests;
				PRODUCT_NAME = "$(TARGET_NAME)";
				SWIFT_VERSION = 5.0;
				TARGETED_DEVICE_FAMILY = "1,2";
				TEST_HOST = "$(BUILT_PRODUCTS_DIR)/Tonik.app/Tonik";
			};
			name = Release;
		};
/* End XCBuildConfiguration section */

/* Begin XCConfigurationList section */
		2BE60B102318414600262EE1 /* Build configuration list for PBXProject "Tonik" */ = {
			isa = XCConfigurationList;
			buildConfigurations = (
				2BE60B302318414800262EE1 /* Debug */,
				2BE60B312318414800262EE1 /* Release */,
			);
			defaultConfigurationIsVisible = 0;
			defaultConfigurationName = Release;
		};
		2BE60B322318414800262EE1 /* Build configuration list for PBXNativeTarget "Tonik" */ = {
			isa = XCConfigurationList;
			buildConfigurations = (
				2BE60B332318414800262EE1 /* Debug */,
				2BE60B342318414800262EE1 /* Release */,
			);
			defaultConfigurationIsVisible = 0;
			defaultConfigurationName = Release;
		};
		2BE60B352318414800262EE1 /* Build configuration list for PBXNativeTarget "TonikTests" */ = {
			isa = XCConfigurationList;
			buildConfigurations = (
				2BE60B362318414800262EE1 /* Debug */,
				2BE60B372318414800262EE1 /* Release */,
			);
			defaultConfigurationIsVisible = 0;
			defaultConfigurationName = Release;
		};
/* End XCConfigurationList section */
	};
	rootObject = 2BE60B0D2318414600262EE1 /* Project object */;
}
